
Microsoft Visual Studio Solution File, Format Version 12.00
# Visual Studio Version 17
VisualStudioVersion = 17.9.34622.214
MinimumVisualStudioVersion = 10.0.40219.1
Project("{9A19103F-16F7-4668-BE54-9A1E7A4F7556}") = "TestData", "TestData\TestData.csproj", "{F267F90D-4887-4CAE-A4F6-EF514932E22E}"
EndProject
Project("{9A19103F-16F7-4668-BE54-9A1E7A4F7556}") = "TestLogic", "TestLogic\TestLogic.csproj", "{73AD6839-539A-4149-9EE3-94D07DD08E86}"
EndProject
Project("{2150E333-8FDC-42A3-9474-1A3956D46DE8}") = "Solution Items", "Solution Items", "{5BC155DF-EB78-4F81-AE1E-37AFDCD2503F}"
	ProjectSection(SolutionItems) = preProject
		README.md = README.md
	EndProjectSection
EndProject
Project("{9A19103F-16F7-4668-BE54-9A1E7A4F7556}") = "Data", "Data\Data.csproj", "{1482035B-922D-46B7-9967-430709C0841A}"
EndProject
Project("{9A19103F-16F7-4668-BE54-9A1E7A4F7556}") = "Logic", "Logic\Logic.csproj", "{AB86388F-AE63-4D98-9A8C-335BF5B0C24F}"
	ProjectSection(ProjectDependencies) = postProject
		{1482035B-922D-46B7-9967-430709C0841A} = {1482035B-922D-46B7-9967-430709C0841A}
	EndProjectSection
EndProject
Project("{9A19103F-16F7-4668-BE54-9A1E7A4F7556}") = "PresentationModel", "PresentationModel\PresentationModel.csproj", "{CA783C10-C38F-4981-962F-A3DFF6F138C9}"
EndProject
Project("{9A19103F-16F7-4668-BE54-9A1E7A4F7556}") = "PresentationViewModel", "PresentationViewModel\PresentationViewModel.csproj", "{33C05274-96FB-46CB-895F-966CA849A0CE}"
EndProject
Project("{9A19103F-16F7-4668-BE54-9A1E7A4F7556}") = "PresentationView", "PresentationView\PresentationView.csproj", "{0E5B5770-F905-4B70-B856-A398BABBF26F}"
	ProjectSection(ProjectDependencies) = postProject
		{33C05274-96FB-46CB-895F-966CA849A0CE} = {33C05274-96FB-46CB-895F-966CA849A0CE}
	EndProjectSection
EndProject
Global
	GlobalSection(SolutionConfigurationPlatforms) = preSolution
		Debug|Any CPU = Debug|Any CPU
		Debug|ARM = Debug|ARM
		Debug|ARM64 = Debug|ARM64
		Debug|x64 = Debug|x64
		Debug|x86 = Debug|x86
		Release|Any CPU = Release|Any CPU
		Release|ARM = Release|ARM
		Release|ARM64 = Release|ARM64
		Release|x64 = Release|x64
		Release|x86 = Release|x86
	EndGlobalSection
	GlobalSection(ProjectConfigurationPlatforms) = postSolution
		{F267F90D-4887-4CAE-A4F6-EF514932E22E}.Debug|Any CPU.ActiveCfg = Debug|Any CPU
		{F267F90D-4887-4CAE-A4F6-EF514932E22E}.Debug|Any CPU.Build.0 = Debug|Any CPU
		{F267F90D-4887-4CAE-A4F6-EF514932E22E}.Debug|ARM.ActiveCfg = Debug|Any CPU
		{F267F90D-4887-4CAE-A4F6-EF514932E22E}.Debug|ARM.Build.0 = Debug|Any CPU
		{F267F90D-4887-4CAE-A4F6-EF514932E22E}.Debug|ARM64.ActiveCfg = Debug|Any CPU
		{F267F90D-4887-4CAE-A4F6-EF514932E22E}.Debug|ARM64.Build.0 = Debug|Any CPU
		{F267F90D-4887-4CAE-A4F6-EF514932E22E}.Debug|x64.ActiveCfg = Debug|Any CPU
		{F267F90D-4887-4CAE-A4F6-EF514932E22E}.Debug|x64.Build.0 = Debug|Any CPU
		{F267F90D-4887-4CAE-A4F6-EF514932E22E}.Debug|x86.ActiveCfg = Debug|Any CPU
		{F267F90D-4887-4CAE-A4F6-EF514932E22E}.Debug|x86.Build.0 = Debug|Any CPU
		{F267F90D-4887-4CAE-A4F6-EF514932E22E}.Release|Any CPU.ActiveCfg = Release|Any CPU
		{F267F90D-4887-4CAE-A4F6-EF514932E22E}.Release|Any CPU.Build.0 = Release|Any CPU
		{F267F90D-4887-4CAE-A4F6-EF514932E22E}.Release|ARM.ActiveCfg = Release|Any CPU
		{F267F90D-4887-4CAE-A4F6-EF514932E22E}.Release|ARM.Build.0 = Release|Any CPU
		{F267F90D-4887-4CAE-A4F6-EF514932E22E}.Release|ARM64.ActiveCfg = Release|Any CPU
		{F267F90D-4887-4CAE-A4F6-EF514932E22E}.Release|ARM64.Build.0 = Release|Any CPU
		{F267F90D-4887-4CAE-A4F6-EF514932E22E}.Release|x64.ActiveCfg = Release|Any CPU
		{F267F90D-4887-4CAE-A4F6-EF514932E22E}.Release|x64.Build.0 = Release|Any CPU
		{F267F90D-4887-4CAE-A4F6-EF514932E22E}.Release|x86.ActiveCfg = Release|Any CPU
		{F267F90D-4887-4CAE-A4F6-EF514932E22E}.Release|x86.Build.0 = Release|Any CPU
		{73AD6839-539A-4149-9EE3-94D07DD08E86}.Debug|Any CPU.ActiveCfg = Debug|Any CPU
		{73AD6839-539A-4149-9EE3-94D07DD08E86}.Debug|Any CPU.Build.0 = Debug|Any CPU
		{73AD6839-539A-4149-9EE3-94D07DD08E86}.Debug|ARM.ActiveCfg = Debug|Any CPU
		{73AD6839-539A-4149-9EE3-94D07DD08E86}.Debug|ARM.Build.0 = Debug|Any CPU
		{73AD6839-539A-4149-9EE3-94D07DD08E86}.Debug|ARM64.ActiveCfg = Debug|Any CPU
		{73AD6839-539A-4149-9EE3-94D07DD08E86}.Debug|ARM64.Build.0 = Debug|Any CPU
		{73AD6839-539A-4149-9EE3-94D07DD08E86}.Debug|x64.ActiveCfg = Debug|Any CPU
		{73AD6839-539A-4149-9EE3-94D07DD08E86}.Debug|x64.Build.0 = Debug|Any CPU
		{73AD6839-539A-4149-9EE3-94D07DD08E86}.Debug|x86.ActiveCfg = Debug|Any CPU
		{73AD6839-539A-4149-9EE3-94D07DD08E86}.Debug|x86.Build.0 = Debug|Any CPU
		{73AD6839-539A-4149-9EE3-94D07DD08E86}.Release|Any CPU.ActiveCfg = Release|Any CPU
		{73AD6839-539A-4149-9EE3-94D07DD08E86}.Release|Any CPU.Build.0 = Release|Any CPU
		{73AD6839-539A-4149-9EE3-94D07DD08E86}.Release|ARM.ActiveCfg = Release|Any CPU
		{73AD6839-539A-4149-9EE3-94D07DD08E86}.Release|ARM.Build.0 = Release|Any CPU
		{73AD6839-539A-4149-9EE3-94D07DD08E86}.Release|ARM64.ActiveCfg = Release|Any CPU
		{73AD6839-539A-4149-9EE3-94D07DD08E86}.Release|ARM64.Build.0 = Release|Any CPU
		{73AD6839-539A-4149-9EE3-94D07DD08E86}.Release|x64.ActiveCfg = Release|Any CPU
		{73AD6839-539A-4149-9EE3-94D07DD08E86}.Release|x64.Build.0 = Release|Any CPU
		{73AD6839-539A-4149-9EE3-94D07DD08E86}.Release|x86.ActiveCfg = Release|Any CPU
		{73AD6839-539A-4149-9EE3-94D07DD08E86}.Release|x86.Build.0 = Release|Any CPU
		{1482035B-922D-46B7-9967-430709C0841A}.Debug|Any CPU.ActiveCfg = Debug|Any CPU
		{1482035B-922D-46B7-9967-430709C0841A}.Debug|Any CPU.Build.0 = Debug|Any CPU
		{1482035B-922D-46B7-9967-430709C0841A}.Debug|ARM.ActiveCfg = Debug|Any CPU
		{1482035B-922D-46B7-9967-430709C0841A}.Debug|ARM.Build.0 = Debug|Any CPU
		{1482035B-922D-46B7-9967-430709C0841A}.Debug|ARM64.ActiveCfg = Debug|Any CPU
		{1482035B-922D-46B7-9967-430709C0841A}.Debug|ARM64.Build.0 = Debug|Any CPU
		{1482035B-922D-46B7-9967-430709C0841A}.Debug|x64.ActiveCfg = Debug|Any CPU
		{1482035B-922D-46B7-9967-430709C0841A}.Debug|x64.Build.0 = Debug|Any CPU
		{1482035B-922D-46B7-9967-430709C0841A}.Debug|x86.ActiveCfg = Debug|Any CPU
		{1482035B-922D-46B7-9967-430709C0841A}.Debug|x86.Build.0 = Debug|Any CPU
		{1482035B-922D-46B7-9967-430709C0841A}.Release|Any CPU.ActiveCfg = Release|Any CPU
		{1482035B-922D-46B7-9967-430709C0841A}.Release|Any CPU.Build.0 = Release|Any CPU
		{1482035B-922D-46B7-9967-430709C0841A}.Release|ARM.ActiveCfg = Release|Any CPU
		{1482035B-922D-46B7-9967-430709C0841A}.Release|ARM.Build.0 = Release|Any CPU
		{1482035B-922D-46B7-9967-430709C0841A}.Release|ARM64.ActiveCfg = Release|Any CPU
		{1482035B-922D-46B7-9967-430709C0841A}.Release|ARM64.Build.0 = Release|Any CPU
		{1482035B-922D-46B7-9967-430709C0841A}.Release|x64.ActiveCfg = Release|Any CPU
		{1482035B-922D-46B7-9967-430709C0841A}.Release|x64.Build.0 = Release|Any CPU
		{1482035B-922D-46B7-9967-430709C0841A}.Release|x86.ActiveCfg = Release|Any CPU
		{1482035B-922D-46B7-9967-430709C0841A}.Release|x86.Build.0 = Release|Any CPU
		{AB86388F-AE63-4D98-9A8C-335BF5B0C24F}.Debug|Any CPU.ActiveCfg = Debug|Any CPU
		{AB86388F-AE63-4D98-9A8C-335BF5B0C24F}.Debug|Any CPU.Build.0 = Debug|Any CPU
		{AB86388F-AE63-4D98-9A8C-335BF5B0C24F}.Debug|ARM.ActiveCfg = Debug|Any CPU
		{AB86388F-AE63-4D98-9A8C-335BF5B0C24F}.Debug|ARM.Build.0 = Debug|Any CPU
		{AB86388F-AE63-4D98-9A8C-335BF5B0C24F}.Debug|ARM64.ActiveCfg = Debug|Any CPU
		{AB86388F-AE63-4D98-9A8C-335BF5B0C24F}.Debug|ARM64.Build.0 = Debug|Any CPU
		{AB86388F-AE63-4D98-9A8C-335BF5B0C24F}.Debug|x64.ActiveCfg = Debug|Any CPU
		{AB86388F-AE63-4D98-9A8C-335BF5B0C24F}.Debug|x64.Build.0 = Debug|Any CPU
		{AB86388F-AE63-4D98-9A8C-335BF5B0C24F}.Debug|x86.ActiveCfg = Debug|Any CPU
		{AB86388F-AE63-4D98-9A8C-335BF5B0C24F}.Debug|x86.Build.0 = Debug|Any CPU
		{AB86388F-AE63-4D98-9A8C-335BF5B0C24F}.Release|Any CPU.ActiveCfg = Release|Any CPU
		{AB86388F-AE63-4D98-9A8C-335BF5B0C24F}.Release|Any CPU.Build.0 = Release|Any CPU
		{AB86388F-AE63-4D98-9A8C-335BF5B0C24F}.Release|ARM.ActiveCfg = Release|Any CPU
		{AB86388F-AE63-4D98-9A8C-335BF5B0C24F}.Release|ARM.Build.0 = Release|Any CPU
		{AB86388F-AE63-4D98-9A8C-335BF5B0C24F}.Release|ARM64.ActiveCfg = Release|Any CPU
		{AB86388F-AE63-4D98-9A8C-335BF5B0C24F}.Release|ARM64.Build.0 = Release|Any CPU
		{AB86388F-AE63-4D98-9A8C-335BF5B0C24F}.Release|x64.ActiveCfg = Release|Any CPU
		{AB86388F-AE63-4D98-9A8C-335BF5B0C24F}.Release|x64.Build.0 = Release|Any CPU
		{AB86388F-AE63-4D98-9A8C-335BF5B0C24F}.Release|x86.ActiveCfg = Release|Any CPU
		{AB86388F-AE63-4D98-9A8C-335BF5B0C24F}.Release|x86.Build.0 = Release|Any CPU
		{CA783C10-C38F-4981-962F-A3DFF6F138C9}.Debug|Any CPU.ActiveCfg = Debug|Any CPU
		{CA783C10-C38F-4981-962F-A3DFF6F138C9}.Debug|Any CPU.Build.0 = Debug|Any CPU
		{CA783C10-C38F-4981-962F-A3DFF6F138C9}.Debug|ARM.ActiveCfg = Debug|Any CPU
		{CA783C10-C38F-4981-962F-A3DFF6F138C9}.Debug|ARM.Build.0 = Debug|Any CPU
		{CA783C10-C38F-4981-962F-A3DFF6F138C9}.Debug|ARM64.ActiveCfg = Debug|Any CPU
		{CA783C10-C38F-4981-962F-A3DFF6F138C9}.Debug|ARM64.Build.0 = Debug|Any CPU
		{CA783C10-C38F-4981-962F-A3DFF6F138C9}.Debug|x64.ActiveCfg = Debug|Any CPU
		{CA783C10-C38F-4981-962F-A3DFF6F138C9}.Debug|x64.Build.0 = Debug|Any CPU
		{CA783C10-C38F-4981-962F-A3DFF6F138C9}.Debug|x86.ActiveCfg = Debug|Any CPU
		{CA783C10-C38F-4981-962F-A3DFF6F138C9}.Debug|x86.Build.0 = Debug|Any CPU
		{CA783C10-C38F-4981-962F-A3DFF6F138C9}.Release|Any CPU.ActiveCfg = Release|Any CPU
		{CA783C10-C38F-4981-962F-A3DFF6F138C9}.Release|Any CPU.Build.0 = Release|Any CPU
		{CA783C10-C38F-4981-962F-A3DFF6F138C9}.Release|ARM.ActiveCfg = Release|Any CPU
		{CA783C10-C38F-4981-962F-A3DFF6F138C9}.Release|ARM.Build.0 = Release|Any CPU
		{CA783C10-C38F-4981-962F-A3DFF6F138C9}.Release|ARM64.ActiveCfg = Release|Any CPU
		{CA783C10-C38F-4981-962F-A3DFF6F138C9}.Release|ARM64.Build.0 = Release|Any CPU
		{CA783C10-C38F-4981-962F-A3DFF6F138C9}.Release|x64.ActiveCfg = Release|Any CPU
		{CA783C10-C38F-4981-962F-A3DFF6F138C9}.Release|x64.Build.0 = Release|Any CPU
		{CA783C10-C38F-4981-962F-A3DFF6F138C9}.Release|x86.ActiveCfg = Release|Any CPU
		{CA783C10-C38F-4981-962F-A3DFF6F138C9}.Release|x86.Build.0 = Release|Any CPU
		{33C05274-96FB-46CB-895F-966CA849A0CE}.Debug|Any CPU.ActiveCfg = Debug|Any CPU
		{33C05274-96FB-46CB-895F-966CA849A0CE}.Debug|Any CPU.Build.0 = Debug|Any CPU
		{33C05274-96FB-46CB-895F-966CA849A0CE}.Debug|ARM.ActiveCfg = Debug|Any CPU
		{33C05274-96FB-46CB-895F-966CA849A0CE}.Debug|ARM.Build.0 = Debug|Any CPU
		{33C05274-96FB-46CB-895F-966CA849A0CE}.Debug|ARM64.ActiveCfg = Debug|Any CPU
		{33C05274-96FB-46CB-895F-966CA849A0CE}.Debug|ARM64.Build.0 = Debug|Any CPU
		{33C05274-96FB-46CB-895F-966CA849A0CE}.Debug|x64.ActiveCfg = Debug|Any CPU
		{33C05274-96FB-46CB-895F-966CA849A0CE}.Debug|x64.Build.0 = Debug|Any CPU
		{33C05274-96FB-46CB-895F-966CA849A0CE}.Debug|x86.ActiveCfg = Debug|Any CPU
		{33C05274-96FB-46CB-895F-966CA849A0CE}.Debug|x86.Build.0 = Debug|Any CPU
		{33C05274-96FB-46CB-895F-966CA849A0CE}.Release|Any CPU.ActiveCfg = Release|Any CPU
		{33C05274-96FB-46CB-895F-966CA849A0CE}.Release|Any CPU.Build.0 = Release|Any CPU
		{33C05274-96FB-46CB-895F-966CA849A0CE}.Release|ARM.ActiveCfg = Release|Any CPU
		{33C05274-96FB-46CB-895F-966CA849A0CE}.Release|ARM.Build.0 = Release|Any CPU
		{33C05274-96FB-46CB-895F-966CA849A0CE}.Release|ARM64.ActiveCfg = Release|Any CPU
		{33C05274-96FB-46CB-895F-966CA849A0CE}.Release|ARM64.Build.0 = Release|Any CPU
		{33C05274-96FB-46CB-895F-966CA849A0CE}.Release|x64.ActiveCfg = Release|Any CPU
		{33C05274-96FB-46CB-895F-966CA849A0CE}.Release|x64.Build.0 = Release|Any CPU
		{33C05274-96FB-46CB-895F-966CA849A0CE}.Release|x86.ActiveCfg = Release|Any CPU
		{33C05274-96FB-46CB-895F-966CA849A0CE}.Release|x86.Build.0 = Release|Any CPU
		{0E5B5770-F905-4B70-B856-A398BABBF26F}.Debug|Any CPU.ActiveCfg = Debug|Any CPU
		{0E5B5770-F905-4B70-B856-A398BABBF26F}.Debug|Any CPU.Build.0 = Debug|Any CPU
		{0E5B5770-F905-4B70-B856-A398BABBF26F}.Debug|ARM.ActiveCfg = Debug|Any CPU
		{0E5B5770-F905-4B70-B856-A398BABBF26F}.Debug|ARM.Build.0 = Debug|Any CPU
		{0E5B5770-F905-4B70-B856-A398BABBF26F}.Debug|ARM64.ActiveCfg = Debug|Any CPU
		{0E5B5770-F905-4B70-B856-A398BABBF26F}.Debug|ARM64.Build.0 = Debug|Any CPU
		{0E5B5770-F905-4B70-B856-A398BABBF26F}.Debug|x64.ActiveCfg = Debug|Any CPU
		{0E5B5770-F905-4B70-B856-A398BABBF26F}.Debug|x64.Build.0 = Debug|Any CPU
		{0E5B5770-F905-4B70-B856-A398BABBF26F}.Debug|x86.ActiveCfg = Debug|Any CPU
		{0E5B5770-F905-4B70-B856-A398BABBF26F}.Debug|x86.Build.0 = Debug|Any CPU
		{0E5B5770-F905-4B70-B856-A398BABBF26F}.Release|Any CPU.ActiveCfg = Release|Any CPU
		{0E5B5770-F905-4B70-B856-A398BABBF26F}.Release|Any CPU.Build.0 = Release|Any CPU
		{0E5B5770-F905-4B70-B856-A398BABBF26F}.Release|ARM.ActiveCfg = Release|Any CPU
		{0E5B5770-F905-4B70-B856-A398BABBF26F}.Release|ARM.Build.0 = Release|Any CPU
		{0E5B5770-F905-4B70-B856-A398BABBF26F}.Release|ARM64.ActiveCfg = Release|Any CPU
		{0E5B5770-F905-4B70-B856-A398BABBF26F}.Release|ARM64.Build.0 = Release|Any CPU
		{0E5B5770-F905-4B70-B856-A398BABBF26F}.Release|x64.ActiveCfg = Release|Any CPU
		{0E5B5770-F905-4B70-B856-A398BABBF26F}.Release|x64.Build.0 = Release|Any CPU
		{0E5B5770-F905-4B70-B856-A398BABBF26F}.Release|x86.ActiveCfg = Release|Any CPU
		{0E5B5770-F905-4B70-B856-A398BABBF26F}.Release|x86.Build.0 = Release|Any CPU
	EndGlobalSection
	GlobalSection(SolutionProperties) = preSolution
		HideSolutionNode = FALSE
	EndGlobalSection
	GlobalSection(ExtensibilityGlobals) = postSolution
		SolutionGuid = {0E9D5473-8860-4CD3-AD2A-669CFB39DF2C}
	EndGlobalSection
EndGlobal
