
Microsoft Visual Studio Solution File, Format Version 12.00
# Visual Studio Version 17
VisualStudioVersion = 17.9.34622.214
MinimumVisualStudioVersion = 10.0.40219.1
Project("{9A19103F-16F7-4668-BE54-9A1E7A4F7556}") = "ClassLibrary1", "ClassLibrary1\ClassLibrary1.csproj", "{F87F1D49-A176-4455-BC66-004F2C1C8787}"
EndProject
Project("{9A19103F-16F7-4668-BE54-9A1E7A4F7556}") = "TestProject1", "TestProject1\TestProject1.csproj", "{90D572EB-F2D7-4FE1-9DCE-6A76FAA799B0}"
EndProject
Global
	GlobalSection(SolutionConfigurationPlatforms) = preSolution
		Debug|Any CPU = Debug|Any CPU
		Release|Any CPU = Release|Any CPU
	EndGlobalSection
	GlobalSection(ProjectConfigurationPlatforms) = postSolution
		{F87F1D49-A176-4455-BC66-004F2C1C8787}.Debug|Any CPU.ActiveCfg = Debug|Any CPU
		{F87F1D49-A176-4455-BC66-004F2C1C8787}.Debug|Any CPU.Build.0 = Debug|Any CPU
		{F87F1D49-A176-4455-BC66-004F2C1C8787}.Release|Any CPU.ActiveCfg = Release|Any CPU
		{F87F1D49-A176-4455-BC66-004F2C1C8787}.Release|Any CPU.Build.0 = Release|Any CPU
		{90D572EB-F2D7-4FE1-9DCE-6A76FAA799B0}.Debug|Any CPU.ActiveCfg = Debug|Any CPU
		{90D572EB-F2D7-4FE1-9DCE-6A76FAA799B0}.Debug|Any CPU.Build.0 = Debug|Any CPU
		{90D572EB-F2D7-4FE1-9DCE-6A76FAA799B0}.Release|Any CPU.ActiveCfg = Release|Any CPU
		{90D572EB-F2D7-4FE1-9DCE-6A76FAA799B0}.Release|Any CPU.Build.0 = Release|Any CPU
	EndGlobalSection
	GlobalSection(SolutionProperties) = preSolution
		HideSolutionNode = FALSE
	EndGlobalSection
	GlobalSection(ExtensibilityGlobals) = postSolution
		SolutionGuid = {0E9D5473-8860-4CD3-AD2A-669CFB39DF2C}
	EndGlobalSection
EndGlobal
